// !$*UTF8*$!
{
	archiveVersion = 1;
	classes = {
	};
	objectVersion = 55;
	objects = {

/* Begin PBXBuildFile section */
		24286DAC270AC5D5005B62DD /* ToGetherApp.swift in Sources */ = {isa = PBXBuildFile; fileRef = 24286DAB270AC5D5005B62DD /* ToGetherApp.swift */; };
		24286DAE270AC5D5005B62DD /* ContentView.swift in Sources */ = {isa = PBXBuildFile; fileRef = 24286DAD270AC5D5005B62DD /* ContentView.swift */; };
		24286DB0270AC5D7005B62DD /* Assets.xcassets in Resources */ = {isa = PBXBuildFile; fileRef = 24286DAF270AC5D7005B62DD /* Assets.xcassets */; };
		24286DB3270AC5D7005B62DD /* Preview Assets.xcassets in Resources */ = {isa = PBXBuildFile; fileRef = 24286DB2270AC5D7005B62DD /* Preview Assets.xcassets */; };
		24286DBD270AC5D7005B62DD /* ToGetherTests.swift in Sources */ = {isa = PBXBuildFile; fileRef = 24286DBC270AC5D7005B62DD /* ToGetherTests.swift */; };
		24286DC7270AC5D7005B62DD /* ToGetherUITests.swift in Sources */ = {isa = PBXBuildFile; fileRef = 24286DC6270AC5D7005B62DD /* ToGetherUITests.swift */; };
		24286DC9270AC5D7005B62DD /* ToGetherUITestsLaunchTests.swift in Sources */ = {isa = PBXBuildFile; fileRef = 24286DC8270AC5D7005B62DD /* ToGetherUITestsLaunchTests.swift */; };
/* End PBXBuildFile section */

/* Begin PBXContainerItemProxy section */
		24286DB9270AC5D7005B62DD /* PBXContainerItemProxy */ = {
			isa = PBXContainerItemProxy;
			containerPortal = 24286DA0270AC5D5005B62DD /* Project object */;
			proxyType = 1;
			remoteGlobalIDString = 24286DA7270AC5D5005B62DD;
			remoteInfo = ToGether;
		};
		24286DC3270AC5D7005B62DD /* PBXContainerItemProxy */ = {
			isa = PBXContainerItemProxy;
			containerPortal = 24286DA0270AC5D5005B62DD /* Project object */;
			proxyType = 1;
			remoteGlobalIDString = 24286DA7270AC5D5005B62DD;
			remoteInfo = ToGether;
		};
/* End PBXContainerItemProxy section */

/* Begin PBXFileReference section */
		24286DA8270AC5D5005B62DD /* ToGether.app */ = {isa = PBXFileReference; explicitFileType = wrapper.application; includeInIndex = 0; path = ToGether.app; sourceTree = BUILT_PRODUCTS_DIR; };
		24286DAB270AC5D5005B62DD /* ToGetherApp.swift */ = {isa = PBXFileReference; lastKnownFileType = sourcecode.swift; path = ToGetherApp.swift; sourceTree = "<group>"; };
		24286DAD270AC5D5005B62DD /* ContentView.swift */ = {isa = PBXFileReference; lastKnownFileType = sourcecode.swift; path = ContentView.swift; sourceTree = "<group>"; };
		24286DAF270AC5D7005B62DD /* Assets.xcassets */ = {isa = PBXFileReference; lastKnownFileType = folder.assetcatalog; path = Assets.xcassets; sourceTree = "<group>"; };
		24286DB2270AC5D7005B62DD /* Preview Assets.xcassets */ = {isa = PBXFileReference; lastKnownFileType = folder.assetcatalog; path = "Preview Assets.xcassets"; sourceTree = "<group>"; };
		24286DB8270AC5D7005B62DD /* ToGetherTests.xctest */ = {isa = PBXFileReference; explicitFileType = wrapper.cfbundle; includeInIndex = 0; path = ToGetherTests.xctest; sourceTree = BUILT_PRODUCTS_DIR; };
		24286DBC270AC5D7005B62DD /* ToGetherTests.swift */ = {isa = PBXFileReference; lastKnownFileType = sourcecode.swift; path = ToGetherTests.swift; sourceTree = "<group>"; };
		24286DC2270AC5D7005B62DD /* ToGetherUITests.xctest */ = {isa = PBXFileReference; explicitFileType = wrapper.cfbundle; includeInIndex = 0; path = ToGetherUITests.xctest; sourceTree = BUILT_PRODUCTS_DIR; };
		24286DC6270AC5D7005B62DD /* ToGetherUITests.swift */ = {isa = PBXFileReference; lastKnownFileType = sourcecode.swift; path = ToGetherUITests.swift; sourceTree = "<group>"; };
		24286DC8270AC5D7005B62DD /* ToGetherUITestsLaunchTests.swift */ = {isa = PBXFileReference; lastKnownFileType = sourcecode.swift; path = ToGetherUITestsLaunchTests.swift; sourceTree = "<group>"; };
/* End PBXFileReference section */

/* Begin PBXFrameworksBuildPhase section */
		24286DA5270AC5D5005B62DD /* Frameworks */ = {
			isa = PBXFrameworksBuildPhase;
			buildActionMask = 2147483647;
			files = (
			);
			runOnlyForDeploymentPostprocessing = 0;
		};
		24286DB5270AC5D7005B62DD /* Frameworks */ = {
			isa = PBXFrameworksBuildPhase;
			buildActionMask = 2147483647;
			files = (
			);
			runOnlyForDeploymentPostprocessing = 0;
		};
		24286DBF270AC5D7005B62DD /* Frameworks */ = {
			isa = PBXFrameworksBuildPhase;
			buildActionMask = 2147483647;
			files = (
			);
			runOnlyForDeploymentPostprocessing = 0;
		};
/* End PBXFrameworksBuildPhase section */

/* Begin PBXGroup section */
		24286D9F270AC5D5005B62DD = {
			isa = PBXGroup;
			children = (
				24286DAA270AC5D5005B62DD /* ToGether */,
				24286DBB270AC5D7005B62DD /* ToGetherTests */,
				24286DC5270AC5D7005B62DD /* ToGetherUITests */,
				24286DA9270AC5D5005B62DD /* Products */,
			);
			sourceTree = "<group>";
		};
		24286DA9270AC5D5005B62DD /* Products */ = {
			isa = PBXGroup;
			children = (
				24286DA8270AC5D5005B62DD /* ToGether.app */,
				24286DB8270AC5D7005B62DD /* ToGetherTests.xctest */,
				24286DC2270AC5D7005B62DD /* ToGetherUITests.xctest */,
			);
			name = Products;
			sourceTree = "<group>";
		};
		24286DAA270AC5D5005B62DD /* ToGether */ = {
			isa = PBXGroup;
			children = (
				24286DAB270AC5D5005B62DD /* ToGetherApp.swift */,
				24286DAD270AC5D5005B62DD /* ContentView.swift */,
				24286DAF270AC5D7005B62DD /* Assets.xcassets */,
				24286DB1270AC5D7005B62DD /* Preview Content */,
			);
			path = ToGether;
			sourceTree = "<group>";
		};
		24286DB1270AC5D7005B62DD /* Preview Content */ = {
			isa = PBXGroup;
			children = (
				24286DB2270AC5D7005B62DD /* Preview Assets.xcassets */,
			);
			path = "Preview Content";
			sourceTree = "<group>";
		};
		24286DBB270AC5D7005B62DD /* ToGetherTests */ = {
			isa = PBXGroup;
			children = (
				24286DBC270AC5D7005B62DD /* ToGetherTests.swift */,
			);
			path = ToGetherTests;
			sourceTree = "<group>";
		};
		24286DC5270AC5D7005B62DD /* ToGetherUITests */ = {
			isa = PBXGroup;
			children = (
				24286DC6270AC5D7005B62DD /* ToGetherUITests.swift */,
				24286DC8270AC5D7005B62DD /* ToGetherUITestsLaunchTests.swift */,
			);
			path = ToGetherUITests;
			sourceTree = "<group>";
		};
/* End PBXGroup section */

/* Begin PBXNativeTarget section */
		24286DA7270AC5D5005B62DD /* ToGether */ = {
			isa = PBXNativeTarget;
			buildConfigurationList = 24286DCC270AC5D7005B62DD /* Build configuration list for PBXNativeTarget "ToGether" */;
			buildPhases = (
				24286DA4270AC5D5005B62DD /* Sources */,
				24286DA5270AC5D5005B62DD /* Frameworks */,
				24286DA6270AC5D5005B62DD /* Resources */,
			);
			buildRules = (
			);
			dependencies = (
			);
			name = ToGether;
			productName = ToGether;
			productReference = 24286DA8270AC5D5005B62DD /* ToGether.app */;
			productType = "com.apple.product-type.application";
		};
		24286DB7270AC5D7005B62DD /* ToGetherTests */ = {
			isa = PBXNativeTarget;
			buildConfigurationList = 24286DCF270AC5D7005B62DD /* Build configuration list for PBXNativeTarget "ToGetherTests" */;
			buildPhases = (
				24286DB4270AC5D7005B62DD /* Sources */,
				24286DB5270AC5D7005B62DD /* Frameworks */,
				24286DB6270AC5D7005B62DD /* Resources */,
			);
			buildRules = (
			);
			dependencies = (
				24286DBA270AC5D7005B62DD /* PBXTargetDependency */,
			);
			name = ToGetherTests;
			productName = ToGetherTests;
			productReference = 24286DB8270AC5D7005B62DD /* ToGetherTests.xctest */;
			productType = "com.apple.product-type.bundle.unit-test";
		};
		24286DC1270AC5D7005B62DD /* ToGetherUITests */ = {
			isa = PBXNativeTarget;
			buildConfigurationList = 24286DD2270AC5D7005B62DD /* Build configuration list for PBXNativeTarget "ToGetherUITests" */;
			buildPhases = (
				24286DBE270AC5D7005B62DD /* Sources */,
				24286DBF270AC5D7005B62DD /* Frameworks */,
				24286DC0270AC5D7005B62DD /* Resources */,
			);
			buildRules = (
			);
			dependencies = (
				24286DC4270AC5D7005B62DD /* PBXTargetDependency */,
			);
			name = ToGetherUITests;
			productName = ToGetherUITests;
			productReference = 24286DC2270AC5D7005B62DD /* ToGetherUITests.xctest */;
			productType = "com.apple.product-type.bundle.ui-testing";
		};
/* End PBXNativeTarget section */

/* Begin PBXProject section */
		24286DA0270AC5D5005B62DD /* Project object */ = {
			isa = PBXProject;
			attributes = {
				BuildIndependentTargetsInParallel = 1;
				LastSwiftUpdateCheck = 1300;
				LastUpgradeCheck = 1300;
				TargetAttributes = {
					24286DA7270AC5D5005B62DD = {
						CreatedOnToolsVersion = 13.0;
					};
					24286DB7270AC5D7005B62DD = {
						CreatedOnToolsVersion = 13.0;
						TestTargetID = 24286DA7270AC5D5005B62DD;
					};
					24286DC1270AC5D7005B62DD = {
						CreatedOnToolsVersion = 13.0;
						TestTargetID = 24286DA7270AC5D5005B62DD;
					};
				};
			};
			buildConfigurationList = 24286DA3270AC5D5005B62DD /* Build configuration list for PBXProject "ToGether" */;
			compatibilityVersion = "Xcode 13.0";
			developmentRegion = en;
			hasScannedForEncodings = 0;
			knownRegions = (
				en,
				Base,
			);
			mainGroup = 24286D9F270AC5D5005B62DD;
			productRefGroup = 24286DA9270AC5D5005B62DD /* Products */;
			projectDirPath = "";
			projectRoot = "";
			targets = (
				24286DA7270AC5D5005B62DD /* ToGether */,
				24286DB7270AC5D7005B62DD /* ToGetherTests */,
				24286DC1270AC5D7005B62DD /* ToGetherUITests */,
			);
		};
/* End PBXProject section */

/* Begin PBXResourcesBuildPhase section */
		24286DA6270AC5D5005B62DD /* Resources */ = {
			isa = PBXResourcesBuildPhase;
			buildActionMask = 2147483647;
			files = (
				24286DB3270AC5D7005B62DD /* Preview Assets.xcassets in Resources */,
				24286DB0270AC5D7005B62DD /* Assets.xcassets in Resources */,
			);
			runOnlyForDeploymentPostprocessing = 0;
		};
		24286DB6270AC5D7005B62DD /* Resources */ = {
			isa = PBXResourcesBuildPhase;
			buildActionMask = 2147483647;
			files = (
			);
			runOnlyForDeploymentPostprocessing = 0;
		};
		24286DC0270AC5D7005B62DD /* Resources */ = {
			isa = PBXResourcesBuildPhase;
			buildActionMask = 2147483647;
			files = (
			);
			runOnlyForDeploymentPostprocessing = 0;
		};
/* End PBXResourcesBuildPhase section */

/* Begin PBXSourcesBuildPhase section */
		24286DA4270AC5D5005B62DD /* Sources */ = {
			isa = PBXSourcesBuildPhase;
			buildActionMask = 2147483647;
			files = (
				24286DAE270AC5D5005B62DD /* ContentView.swift in Sources */,
				24286DAC270AC5D5005B62DD /* ToGetherApp.swift in Sources */,
			);
			runOnlyForDeploymentPostprocessing = 0;
		};
		24286DB4270AC5D7005B62DD /* Sources */ = {
			isa = PBXSourcesBuildPhase;
			buildActionMask = 2147483647;
			files = (
				24286DBD270AC5D7005B62DD /* ToGetherTests.swift in Sources */,
			);
			runOnlyForDeploymentPostprocessing = 0;
		};
		24286DBE270AC5D7005B62DD /* Sources */ = {
			isa = PBXSourcesBuildPhase;
			buildActionMask = 2147483647;
			files = (
				24286DC9270AC5D7005B62DD /* ToGetherUITestsLaunchTests.swift in Sources */,
				24286DC7270AC5D7005B62DD /* ToGetherUITests.swift in Sources */,
			);
			runOnlyForDeploymentPostprocessing = 0;
		};
/* End PBXSourcesBuildPhase section */

/* Begin PBXTargetDependency section */
		24286DBA270AC5D7005B62DD /* PBXTargetDependency */ = {
			isa = PBXTargetDependency;
			target = 24286DA7270AC5D5005B62DD /* ToGether */;
			targetProxy = 24286DB9270AC5D7005B62DD /* PBXContainerItemProxy */;
		};
		24286DC4270AC5D7005B62DD /* PBXTargetDependency */ = {
			isa = PBXTargetDependency;
			target = 24286DA7270AC5D5005B62DD /* ToGether */;
			targetProxy = 24286DC3270AC5D7005B62DD /* PBXContainerItemProxy */;
		};
/* End PBXTargetDependency section */

/* Begin XCBuildConfiguration section */
		24286DCA270AC5D7005B62DD /* Debug */ = {
			isa = XCBuildConfiguration;
			buildSettings = {
				ALWAYS_SEARCH_USER_PATHS = NO;
				CLANG_ANALYZER_NONNULL = YES;
				CLANG_ANALYZER_NUMBER_OBJECT_CONVERSION = YES_AGGRESSIVE;
				CLANG_CXX_LANGUAGE_STANDARD = "gnu++17";
				CLANG_CXX_LIBRARY = "libc++";
				CLANG_ENABLE_MODULES = YES;
				CLANG_ENABLE_OBJC_ARC = YES;
				CLANG_ENABLE_OBJC_WEAK = YES;
				CLANG_WARN_BLOCK_CAPTURE_AUTORELEASING = YES;
				CLANG_WARN_BOOL_CONVERSION = YES;
				CLANG_WARN_COMMA = YES;
				CLANG_WARN_CONSTANT_CONVERSION = YES;
				CLANG_WARN_DEPRECATED_OBJC_IMPLEMENTATIONS = YES;
				CLANG_WARN_DIRECT_OBJC_ISA_USAGE = YES_ERROR;
				CLANG_WARN_DOCUMENTATION_COMMENTS = YES;
				CLANG_WARN_EMPTY_BODY = YES;
				CLANG_WARN_ENUM_CONVERSION = YES;
				CLANG_WARN_INFINITE_RECURSION = YES;
				CLANG_WARN_INT_CONVERSION = YES;
				CLANG_WARN_NON_LITERAL_NULL_CONVERSION = YES;
				CLANG_WARN_OBJC_IMPLICIT_RETAIN_SELF = YES;
				CLANG_WARN_OBJC_LITERAL_CONVERSION = YES;
				CLANG_WARN_OBJC_ROOT_CLASS = YES_ERROR;
				CLANG_WARN_QUOTED_INCLUDE_IN_FRAMEWORK_HEADER = YES;
				CLANG_WARN_RANGE_LOOP_ANALYSIS = YES;
				CLANG_WARN_STRICT_PROTOTYPES = YES;
				CLANG_WARN_SUSPICIOUS_MOVE = YES;
				CLANG_WARN_UNGUARDED_AVAILABILITY = YES_AGGRESSIVE;
				CLANG_WARN_UNREACHABLE_CODE = YES;
				CLANG_WARN__DUPLICATE_METHOD_MATCH = YES;
				COPY_PHASE_STRIP = NO;
				DEBUG_INFORMATION_FORMAT = dwarf;
				ENABLE_STRICT_OBJC_MSGSEND = YES;
				ENABLE_TESTABILITY = YES;
				GCC_C_LANGUAGE_STANDARD = gnu11;
				GCC_DYNAMIC_NO_PIC = NO;
				GCC_NO_COMMON_BLOCKS = YES;
				GCC_OPTIMIZATION_LEVEL = 0;
				GCC_PREPROCESSOR_DEFINITIONS = (
					"DEBUG=1",
					"$(inherited)",
				);
				GCC_WARN_64_TO_32_BIT_CONVERSION = YES;
				GCC_WARN_ABOUT_RETURN_TYPE = YES_ERROR;
				GCC_WARN_UNDECLARED_SELECTOR = YES;
				GCC_WARN_UNINITIALIZED_AUTOS = YES_AGGRESSIVE;
				GCC_WARN_UNUSED_FUNCTION = YES;
				GCC_WARN_UNUSED_VARIABLE = YES;
				IPHONEOS_DEPLOYMENT_TARGET = 15.0;
				MTL_ENABLE_DEBUG_INFO = INCLUDE_SOURCE;
				MTL_FAST_MATH = YES;
				ONLY_ACTIVE_ARCH = YES;
				SDKROOT = iphoneos;
				SWIFT_ACTIVE_COMPILATION_CONDITIONS = DEBUG;
				SWIFT_OPTIMIZATION_LEVEL = "-Onone";
			};
			name = Debug;
		};
		24286DCB270AC5D7005B62DD /* Release */ = {
			isa = XCBuildConfiguration;
			buildSettings = {
				ALWAYS_SEARCH_USER_PATHS = NO;
				CLANG_ANALYZER_NONNULL = YES;
				CLANG_ANALYZER_NUMBER_OBJECT_CONVERSION = YES_AGGRESSIVE;
				CLANG_CXX_LANGUAGE_STANDARD = "gnu++17";
				CLANG_CXX_LIBRARY = "libc++";
				CLANG_ENABLE_MODULES = YES;
				CLANG_ENABLE_OBJC_ARC = YES;
				CLANG_ENABLE_OBJC_WEAK = YES;
				CLANG_WARN_BLOCK_CAPTURE_AUTORELEASING = YES;
				CLANG_WARN_BOOL_CONVERSION = YES;
				CLANG_WARN_COMMA = YES;
				CLANG_WARN_CONSTANT_CONVERSION = YES;
				CLANG_WARN_DEPRECATED_OBJC_IMPLEMENTATIONS = YES;
				CLANG_WARN_DIRECT_OBJC_ISA_USAGE = YES_ERROR;
				CLANG_WARN_DOCUMENTATION_COMMENTS = YES;
				CLANG_WARN_EMPTY_BODY = YES;
				CLANG_WARN_ENUM_CONVERSION = YES;
				CLANG_WARN_INFINITE_RECURSION = YES;
				CLANG_WARN_INT_CONVERSION = YES;
				CLANG_WARN_NON_LITERAL_NULL_CONVERSION = YES;
				CLANG_WARN_OBJC_IMPLICIT_RETAIN_SELF = YES;
				CLANG_WARN_OBJC_LITERAL_CONVERSION = YES;
				CLANG_WARN_OBJC_ROOT_CLASS = YES_ERROR;
				CLANG_WARN_QUOTED_INCLUDE_IN_FRAMEWORK_HEADER = YES;
				CLANG_WARN_RANGE_LOOP_ANALYSIS = YES;
				CLANG_WARN_STRICT_PROTOTYPES = YES;
				CLANG_WARN_SUSPICIOUS_MOVE = YES;
				CLANG_WARN_UNGUARDED_AVAILABILITY = YES_AGGRESSIVE;
				CLANG_WARN_UNREACHABLE_CODE = YES;
				CLANG_WARN__DUPLICATE_METHOD_MATCH = YES;
				COPY_PHASE_STRIP = NO;
				DEBUG_INFORMATION_FORMAT = "dwarf-with-dsym";
				ENABLE_NS_ASSERTIONS = NO;
				ENABLE_STRICT_OBJC_MSGSEND = YES;
				GCC_C_LANGUAGE_STANDARD = gnu11;
				GCC_NO_COMMON_BLOCKS = YES;
				GCC_WARN_64_TO_32_BIT_CONVERSION = YES;
				GCC_WARN_ABOUT_RETURN_TYPE = YES_ERROR;
				GCC_WARN_UNDECLARED_SELECTOR = YES;
				GCC_WARN_UNINITIALIZED_AUTOS = YES_AGGRESSIVE;
				GCC_WARN_UNUSED_FUNCTION = YES;
				GCC_WARN_UNUSED_VARIABLE = YES;
				IPHONEOS_DEPLOYMENT_TARGET = 15.0;
				MTL_ENABLE_DEBUG_INFO = NO;
				MTL_FAST_MATH = YES;
				SDKROOT = iphoneos;
				SWIFT_COMPILATION_MODE = wholemodule;
				SWIFT_OPTIMIZATION_LEVEL = "-O";
				VALIDATE_PRODUCT = YES;
			};
			name = Release;
		};
		24286DCD270AC5D7005B62DD /* Debug */ = {
			isa = XCBuildConfiguration;
			buildSettings = {
				ASSETCATALOG_COMPILER_APPICON_NAME = AppIcon;
				ASSETCATALOG_COMPILER_GLOBAL_ACCENT_COLOR_NAME = AccentColor;
				CODE_SIGN_STYLE = Automatic;
				CURRENT_PROJECT_VERSION = 1;
				DEVELOPMENT_ASSET_PATHS = "\"ToGether/Preview Content\"";
				ENABLE_PREVIEWS = YES;
				GENERATE_INFOPLIST_FILE = YES;
				INFOPLIST_KEY_UIApplicationSceneManifest_Generation = YES;
				INFOPLIST_KEY_UIApplicationSupportsIndirectInputEvents = YES;
				INFOPLIST_KEY_UILaunchScreen_Generation = YES;
				INFOPLIST_KEY_UISupportedInterfaceOrientations_iPad = "UIInterfaceOrientationPortrait UIInterfaceOrientationPortraitUpsideDown UIInterfaceOrientationLandscapeLeft UIInterfaceOrientationLandscapeRight";
				INFOPLIST_KEY_UISupportedInterfaceOrientations_iPhone = "UIInterfaceOrientationPortrait UIInterfaceOrientationLandscapeLeft UIInterfaceOrientationLandscapeRight";
				IPHONEOS_DEPLOYMENT_TARGET = 14.0;
				LD_RUNPATH_SEARCH_PATHS = (
					"$(inherited)",
					"@executable_path/Frameworks",
				);
				MARKETING_VERSION = 1.0;
				PRODUCT_BUNDLE_IDENTIFIER = Emory.ToGether;
				PRODUCT_NAME = "$(TARGET_NAME)";
				SWIFT_EMIT_LOC_STRINGS = YES;
				SWIFT_VERSION = 5.0;
				TARGETED_DEVICE_FAMILY = "1,2";
			};
			name = Debug;
		};
		24286DCE270AC5D7005B62DD /* Release */ = {
			isa = XCBuildConfiguration;
			buildSettings = {
				ASSETCATALOG_COMPILER_APPICON_NAME = AppIcon;
				ASSETCATALOG_COMPILER_GLOBAL_ACCENT_COLOR_NAME = AccentColor;
				CODE_SIGN_STYLE = Automatic;
				CURRENT_PROJECT_VERSION = 1;
				DEVELOPMENT_ASSET_PATHS = "\"ToGether/Preview Content\"";
				ENABLE_PREVIEWS = YES;
				GENERATE_INFOPLIST_FILE = YES;
				INFOPLIST_KEY_UIApplicationSceneManifest_Generation = YES;
				INFOPLIST_KEY_UIApplicationSupportsIndirectInputEvents = YES;
				INFOPLIST_KEY_UILaunchScreen_Generation = YES;
				INFOPLIST_KEY_UISupportedInterfaceOrientations_iPad = "UIInterfaceOrientationPortrait UIInterfaceOrientationPortraitUpsideDown UIInterfaceOrientationLandscapeLeft UIInterfaceOrientationLandscapeRight";
				INFOPLIST_KEY_UISupportedInterfaceOrientations_iPhone = "UIInterfaceOrientationPortrait UIInterfaceOrientationLandscapeLeft UIInterfaceOrientationLandscapeRight";
				IPHONEOS_DEPLOYMENT_TARGET = 14.0;
				LD_RUNPATH_SEARCH_PATHS = (
					"$(inherited)",
					"@executable_path/Frameworks",
				);
				MARKETING_VERSION = 1.0;
				PRODUCT_BUNDLE_IDENTIFIER = Emory.ToGether;
				PRODUCT_NAME = "$(TARGET_NAME)";
				SWIFT_EMIT_LOC_STRINGS = YES;
				SWIFT_VERSION = 5.0;
				TARGETED_DEVICE_FAMILY = "1,2";
			};
			name = Release;
		};
		24286DD0270AC5D7005B62DD /* Debug */ = {
			isa = XCBuildConfiguration;
			buildSettings = {
				ALWAYS_EMBED_SWIFT_STANDARD_LIBRARIES = YES;
				BUNDLE_LOADER = "$(TEST_HOST)";
				CODE_SIGN_STYLE = Automatic;
				CURRENT_PROJECT_VERSION = 1;
				GENERATE_INFOPLIST_FILE = YES;
				IPHONEOS_DEPLOYMENT_TARGET = 14.0;
				LD_RUNPATH_SEARCH_PATHS = (
					"$(inherited)",
					"@executable_path/Frameworks",
					"@loader_path/Frameworks",
				);
				MARKETING_VERSION = 1.0;
				PRODUCT_BUNDLE_IDENTIFIER = Emory.ToGetherTests;
				PRODUCT_NAME = "$(TARGET_NAME)";
				SWIFT_EMIT_LOC_STRINGS = NO;
				SWIFT_VERSION = 5.0;
				TARGETED_DEVICE_FAMILY = "1,2";
				TEST_HOST = "$(BUILT_PRODUCTS_DIR)/ToGether.app/ToGether";
			};
			name = Debug;
		};
		24286DD1270AC5D7005B62DD /* Release */ = {
			isa = XCBuildConfiguration;
			buildSettings = {
				ALWAYS_EMBED_SWIFT_STANDARD_LIBRARIES = YES;
				BUNDLE_LOADER = "$(TEST_HOST)";
				CODE_SIGN_STYLE = Automatic;
				CURRENT_PROJECT_VERSION = 1;
				GENERATE_INFOPLIST_FILE = YES;
				IPHONEOS_DEPLOYMENT_TARGET = 14.0;
				LD_RUNPATH_SEARCH_PATHS = (
					"$(inherited)",
					"@executable_path/Frameworks",
					"@loader_path/Frameworks",
				);
				MARKETING_VERSION = 1.0;
				PRODUCT_BUNDLE_IDENTIFIER = Emory.ToGetherTests;
				PRODUCT_NAME = "$(TARGET_NAME)";
				SWIFT_EMIT_LOC_STRINGS = NO;
				SWIFT_VERSION = 5.0;
				TARGETED_DEVICE_FAMILY = "1,2";
				TEST_HOST = "$(BUILT_PRODUCTS_DIR)/ToGether.app/ToGether";
			};
			name = Release;
		};
		24286DD3270AC5D7005B62DD /* Debug */ = {
			isa = XCBuildConfiguration;
			buildSettings = {
				ALWAYS_EMBED_SWIFT_STANDARD_LIBRARIES = YES;
				CODE_SIGN_STYLE = Automatic;
				CURRENT_PROJECT_VERSION = 1;
				GENERATE_INFOPLIST_FILE = YES;
				LD_RUNPATH_SEARCH_PATHS = (
					"$(inherited)",
					"@executable_path/Frameworks",
					"@loader_path/Frameworks",
				);
				MARKETING_VERSION = 1.0;
				PRODUCT_BUNDLE_IDENTIFIER = Emory.ToGetherUITests;
				PRODUCT_NAME = "$(TARGET_NAME)";
				SWIFT_EMIT_LOC_STRINGS = NO;
				SWIFT_VERSION = 5.0;
				TARGETED_DEVICE_FAMILY = "1,2";
				TEST_TARGET_NAME = ToGether;
			};
			name = Debug;
		};
		24286DD4270AC5D7005B62DD /* Release */ = {
			isa = XCBuildConfiguration;
			buildSettings = {
				ALWAYS_EMBED_SWIFT_STANDARD_LIBRARIES = YES;
				CODE_SIGN_STYLE = Automatic;
				CURRENT_PROJECT_VERSION = 1;
				GENERATE_INFOPLIST_FILE = YES;
				LD_RUNPATH_SEARCH_PATHS = (
					"$(inherited)",
					"@executable_path/Frameworks",
					"@loader_path/Frameworks",
				);
				MARKETING_VERSION = 1.0;
				PRODUCT_BUNDLE_IDENTIFIER = Emory.ToGetherUITests;
				PRODUCT_NAME = "$(TARGET_NAME)";
				SWIFT_EMIT_LOC_STRINGS = NO;
				SWIFT_VERSION = 5.0;
				TARGETED_DEVICE_FAMILY = "1,2";
				TEST_TARGET_NAME = ToGether;
			};
			name = Release;
		};
/* End XCBuildConfiguration section */

/* Begin XCConfigurationList section */
		24286DA3270AC5D5005B62DD /* Build configuration list for PBXProject "ToGether" */ = {
			isa = XCConfigurationList;
			buildConfigurations = (
				24286DCA270AC5D7005B62DD /* Debug */,
				24286DCB270AC5D7005B62DD /* Release */,
			);
			defaultConfigurationIsVisible = 0;
			defaultConfigurationName = Release;
		};
		24286DCC270AC5D7005B62DD /* Build configuration list for PBXNativeTarget "ToGether" */ = {
			isa = XCConfigurationList;
			buildConfigurations = (
				24286DCD270AC5D7005B62DD /* Debug */,
				24286DCE270AC5D7005B62DD /* Release */,
			);
			defaultConfigurationIsVisible = 0;
			defaultConfigurationName = Release;
		};
		24286DCF270AC5D7005B62DD /* Build configuration list for PBXNativeTarget "ToGetherTests" */ = {
			isa = XCConfigurationList;
			buildConfigurations = (
				24286DD0270AC5D7005B62DD /* Debug */,
				24286DD1270AC5D7005B62DD /* Release */,
			);
			defaultConfigurationIsVisible = 0;
			defaultConfigurationName = Release;
		};
		24286DD2270AC5D7005B62DD /* Build configuration list for PBXNativeTarget "ToGetherUITests" */ = {
			isa = XCConfigurationList;
			buildConfigurations = (
				24286DD3270AC5D7005B62DD /* Debug */,
				24286DD4270AC5D7005B62DD /* Release */,
			);
			defaultConfigurationIsVisible = 0;
			defaultConfigurationName = Release;
		};
/* End XCConfigurationList section */
	};
	rootObject = 24286DA0270AC5D5005B62DD /* Project object */;
}
